
Microsoft Visual Studio Solution File, Format Version 12.00
# Visual Studio Version 16
VisualStudioVersion = 16.0.29519.87
MinimumVisualStudioVersion = 10.0.40219.1
Project("{FAE04EC0-301F-11D3-BF4B-00C04F79EFBC}") = "FrogApp.Android", "FrogApp.Android\FrogApp.Android.csproj", "{B62DE2E7-9F38-45FF-8EAC-9BB4CF16D11D}"
EndProject
Project("{FAE04EC0-301F-11D3-BF4B-00C04F79EFBC}") = "FrogApp.iOS", "FrogApp.iOS\FrogApp.iOS.csproj", "{82639A56-5677-48F4-A257-D4F581362EE9}"
EndProject
Project("{FAE04EC0-301F-11D3-BF4B-00C04F79EFBC}") = "FrogApp", "FrogApp\FrogApp.csproj", "{60403063-AFE3-49F5-B5C8-E35C4033FE8C}"
EndProject
Global
	GlobalSection(SolutionConfigurationPlatforms) = preSolution
		Debug|Any CPU = Debug|Any CPU
		Debug|iPhone = Debug|iPhone
		Debug|iPhoneSimulator = Debug|iPhoneSimulator
		Release|Any CPU = Release|Any CPU
		Release|iPhone = Release|iPhone
		Release|iPhoneSimulator = Release|iPhoneSimulator
	EndGlobalSection
	GlobalSection(ProjectConfigurationPlatforms) = postSolution
		{B62DE2E7-9F38-45FF-8EAC-9BB4CF16D11D}.Debug|Any CPU.ActiveCfg = Debug|Any CPU
		{B62DE2E7-9F38-45FF-8EAC-9BB4CF16D11D}.Debug|Any CPU.Build.0 = Debug|Any CPU
		{B62DE2E7-9F38-45FF-8EAC-9BB4CF16D11D}.Debug|Any CPU.Deploy.0 = Debug|Any CPU
		{B62DE2E7-9F38-45FF-8EAC-9BB4CF16D11D}.Debug|iPhone.ActiveCfg = Debug|Any CPU
		{B62DE2E7-9F38-45FF-8EAC-9BB4CF16D11D}.Debug|iPhone.Build.0 = Debug|Any CPU
		{B62DE2E7-9F38-45FF-8EAC-9BB4CF16D11D}.Debug|iPhone.Deploy.0 = Debug|Any CPU
		{B62DE2E7-9F38-45FF-8EAC-9BB4CF16D11D}.Debug|iPhoneSimulator.ActiveCfg = Debug|Any CPU
		{B62DE2E7-9F38-45FF-8EAC-9BB4CF16D11D}.Debug|iPhoneSimulator.Build.0 = Debug|Any CPU
		{B62DE2E7-9F38-45FF-8EAC-9BB4CF16D11D}.Debug|iPhoneSimulator.Deploy.0 = Debug|Any CPU
		{B62DE2E7-9F38-45FF-8EAC-9BB4CF16D11D}.Release|Any CPU.ActiveCfg = Release|Any CPU
		{B62DE2E7-9F38-45FF-8EAC-9BB4CF16D11D}.Release|Any CPU.Build.0 = Release|Any CPU
		{B62DE2E7-9F38-45FF-8EAC-9BB4CF16D11D}.Release|Any CPU.Deploy.0 = Release|Any CPU
		{B62DE2E7-9F38-45FF-8EAC-9BB4CF16D11D}.Release|iPhone.ActiveCfg = Release|Any CPU
		{B62DE2E7-9F38-45FF-8EAC-9BB4CF16D11D}.Release|iPhone.Build.0 = Release|Any CPU
		{B62DE2E7-9F38-45FF-8EAC-9BB4CF16D11D}.Release|iPhone.Deploy.0 = Release|Any CPU
		{B62DE2E7-9F38-45FF-8EAC-9BB4CF16D11D}.Release|iPhoneSimulator.ActiveCfg = Release|Any CPU
		{B62DE2E7-9F38-45FF-8EAC-9BB4CF16D11D}.Release|iPhoneSimulator.Build.0 = Release|Any CPU
		{B62DE2E7-9F38-45FF-8EAC-9BB4CF16D11D}.Release|iPhoneSimulator.Deploy.0 = Release|Any CPU
		{82639A56-5677-48F4-A257-D4F581362EE9}.Debug|Any CPU.ActiveCfg = Debug|iPhoneSimulator
		{82639A56-5677-48F4-A257-D4F581362EE9}.Debug|Any CPU.Build.0 = Debug|iPhoneSimulator
		{82639A56-5677-48F4-A257-D4F581362EE9}.Debug|Any CPU.Deploy.0 = Debug|iPhoneSimulator
		{82639A56-5677-48F4-A257-D4F581362EE9}.Debug|iPhone.ActiveCfg = Debug|iPhone
		{82639A56-5677-48F4-A257-D4F581362EE9}.Debug|iPhone.Build.0 = Debug|iPhone
		{82639A56-5677-48F4-A257-D4F581362EE9}.Debug|iPhone.Deploy.0 = Debug|iPhone
		{82639A56-5677-48F4-A257-D4F581362EE9}.Debug|iPhoneSimulator.ActiveCfg = Debug|iPhoneSimulator
		{82639A56-5677-48F4-A257-D4F581362EE9}.Debug|iPhoneSimulator.Build.0 = Debug|iPhoneSimulator
		{82639A56-5677-48F4-A257-D4F581362EE9}.Debug|iPhoneSimulator.Deploy.0 = Debug|iPhoneSimulator
		{82639A56-5677-48F4-A257-D4F581362EE9}.Release|Any CPU.ActiveCfg = Release|iPhone
		{82639A56-5677-48F4-A257-D4F581362EE9}.Release|Any CPU.Build.0 = Release|iPhone
		{82639A56-5677-48F4-A257-D4F581362EE9}.Release|Any CPU.Deploy.0 = Release|iPhone
		{82639A56-5677-48F4-A257-D4F581362EE9}.Release|iPhone.ActiveCfg = Release|iPhone
		{82639A56-5677-48F4-A257-D4F581362EE9}.Release|iPhone.Build.0 = Release|iPhone
		{82639A56-5677-48F4-A257-D4F581362EE9}.Release|iPhone.Deploy.0 = Release|iPhone
		{82639A56-5677-48F4-A257-D4F581362EE9}.Release|iPhoneSimulator.ActiveCfg = Release|iPhoneSimulator
		{82639A56-5677-48F4-A257-D4F581362EE9}.Release|iPhoneSimulator.Build.0 = Release|iPhoneSimulator
		{82639A56-5677-48F4-A257-D4F581362EE9}.Release|iPhoneSimulator.Deploy.0 = Release|iPhoneSimulator
		{60403063-AFE3-49F5-B5C8-E35C4033FE8C}.Debug|Any CPU.ActiveCfg = Debug|Any CPU
		{60403063-AFE3-49F5-B5C8-E35C4033FE8C}.Debug|Any CPU.Build.0 = Debug|Any CPU
		{60403063-AFE3-49F5-B5C8-E35C4033FE8C}.Debug|Any CPU.Deploy.0 = Debug|Any CPU
		{60403063-AFE3-49F5-B5C8-E35C4033FE8C}.Debug|iPhone.ActiveCfg = Debug|Any CPU
		{60403063-AFE3-49F5-B5C8-E35C4033FE8C}.Debug|iPhone.Build.0 = Debug|Any CPU
		{60403063-AFE3-49F5-B5C8-E35C4033FE8C}.Debug|iPhone.Deploy.0 = Debug|Any CPU
		{60403063-AFE3-49F5-B5C8-E35C4033FE8C}.Debug|iPhoneSimulator.ActiveCfg = Debug|Any CPU
		{60403063-AFE3-49F5-B5C8-E35C4033FE8C}.Debug|iPhoneSimulator.Build.0 = Debug|Any CPU
		{60403063-AFE3-49F5-B5C8-E35C4033FE8C}.Debug|iPhoneSimulator.Deploy.0 = Debug|Any CPU
		{60403063-AFE3-49F5-B5C8-E35C4033FE8C}.Release|Any CPU.ActiveCfg = Release|Any CPU
		{60403063-AFE3-49F5-B5C8-E35C4033FE8C}.Release|Any CPU.Build.0 = Release|Any CPU
		{60403063-AFE3-49F5-B5C8-E35C4033FE8C}.Release|Any CPU.Deploy.0 = Release|Any CPU
		{60403063-AFE3-49F5-B5C8-E35C4033FE8C}.Release|iPhone.ActiveCfg = Release|Any CPU
		{60403063-AFE3-49F5-B5C8-E35C4033FE8C}.Release|iPhone.Build.0 = Release|Any CPU
		{60403063-AFE3-49F5-B5C8-E35C4033FE8C}.Release|iPhone.Deploy.0 = Release|Any CPU
		{60403063-AFE3-49F5-B5C8-E35C4033FE8C}.Release|iPhoneSimulator.ActiveCfg = Release|Any CPU
		{60403063-AFE3-49F5-B5C8-E35C4033FE8C}.Release|iPhoneSimulator.Build.0 = Release|Any CPU
		{60403063-AFE3-49F5-B5C8-E35C4033FE8C}.Release|iPhoneSimulator.Deploy.0 = Release|Any CPU
	EndGlobalSection
	GlobalSection(SolutionProperties) = preSolution
		HideSolutionNode = FALSE
	EndGlobalSection
	GlobalSection(ExtensibilityGlobals) = postSolution
		SolutionGuid = {BE3A764E-2C09-4CDF-9EA0-6ABE6822B234}
	EndGlobalSection
EndGlobal
